// !$*UTF8*$!
{
	archiveVersion = 1;
	classes = {
	};
	objectVersion = 46;
	objects = {

/* Begin PBXBuildFile section */
		A31C01001A8D14E800A3A5ED /* AppDelegate.swift in Sources */ = {isa = PBXBuildFile; fileRef = A31C00FF1A8D14E800A3A5ED /* AppDelegate.swift */; };
		A31C01021A8D14E800A3A5ED /* ViewController.swift in Sources */ = {isa = PBXBuildFile; fileRef = A31C01011A8D14E800A3A5ED /* ViewController.swift */; };
		A31C01051A8D14E800A3A5ED /* Main.storyboard in Resources */ = {isa = PBXBuildFile; fileRef = A31C01031A8D14E800A3A5ED /* Main.storyboard */; };
		A31C01071A8D14E800A3A5ED /* Images.xcassets in Resources */ = {isa = PBXBuildFile; fileRef = A31C01061A8D14E800A3A5ED /* Images.xcassets */; };
		A31C010A1A8D14E800A3A5ED /* LaunchScreen.xib in Resources */ = {isa = PBXBuildFile; fileRef = A31C01081A8D14E800A3A5ED /* LaunchScreen.xib */; };
		A31C01161A8D14E800A3A5ED /* TaskItTests.swift in Sources */ = {isa = PBXBuildFile; fileRef = A31C01151A8D14E800A3A5ED /* TaskItTests.swift */; };
/* End PBXBuildFile section */

/* Begin PBXContainerItemProxy section */
		A31C01101A8D14E800A3A5ED /* PBXContainerItemProxy */ = {
			isa = PBXContainerItemProxy;
			containerPortal = A31C00F21A8D14E800A3A5ED /* Project object */;
			proxyType = 1;
			remoteGlobalIDString = A31C00F91A8D14E800A3A5ED;
			remoteInfo = TaskIt;
		};
/* End PBXContainerItemProxy section */

/* Begin PBXFileReference section */
		A31C00FA1A8D14E800A3A5ED /* TaskIt.app */ = {isa = PBXFileReference; explicitFileType = wrapper.application; includeInIndex = 0; path = TaskIt.app; sourceTree = BUILT_PRODUCTS_DIR; };
		A31C00FE1A8D14E800A3A5ED /* Info.plist */ = {isa = PBXFileReference; lastKnownFileType = text.plist.xml; path = Info.plist; sourceTree = "<group>"; };
		A31C00FF1A8D14E800A3A5ED /* AppDelegate.swift */ = {isa = PBXFileReference; lastKnownFileType = sourcecode.swift; path = AppDelegate.swift; sourceTree = "<group>"; };
		A31C01011A8D14E800A3A5ED /* ViewController.swift */ = {isa = PBXFileReference; lastKnownFileType = sourcecode.swift; path = ViewController.swift; sourceTree = "<group>"; };
		A31C01041A8D14E800A3A5ED /* Base */ = {isa = PBXFileReference; lastKnownFileType = file.storyboard; name = Base; path = Base.lproj/Main.storyboard; sourceTree = "<group>"; };
		A31C01061A8D14E800A3A5ED /* Images.xcassets */ = {isa = PBXFileReference; lastKnownFileType = folder.assetcatalog; path = Images.xcassets; sourceTree = "<group>"; };
		A31C01091A8D14E800A3A5ED /* Base */ = {isa = PBXFileReference; lastKnownFileType = file.xib; name = Base; path = Base.lproj/LaunchScreen.xib; sourceTree = "<group>"; };
		A31C010F1A8D14E800A3A5ED /* TaskItTests.xctest */ = {isa = PBXFileReference; explicitFileType = wrapper.cfbundle; includeInIndex = 0; path = TaskItTests.xctest; sourceTree = BUILT_PRODUCTS_DIR; };
		A31C01141A8D14E800A3A5ED /* Info.plist */ = {isa = PBXFileReference; lastKnownFileType = text.plist.xml; path = Info.plist; sourceTree = "<group>"; };
		A31C01151A8D14E800A3A5ED /* TaskItTests.swift */ = {isa = PBXFileReference; lastKnownFileType = sourcecode.swift; path = TaskItTests.swift; sourceTree = "<group>"; };
/* End PBXFileReference section */

/* Begin PBXFrameworksBuildPhase section */
		A31C00F71A8D14E800A3A5ED /* Frameworks */ = {
			isa = PBXFrameworksBuildPhase;
			buildActionMask = 2147483647;
			files = (
			);
			runOnlyForDeploymentPostprocessing = 0;
		};
		A31C010C1A8D14E800A3A5ED /* Frameworks */ = {
			isa = PBXFrameworksBuildPhase;
			buildActionMask = 2147483647;
			files = (
			);
			runOnlyForDeploymentPostprocessing = 0;
		};
/* End PBXFrameworksBuildPhase section */

/* Begin PBXGroup section */
		A31C00F11A8D14E800A3A5ED = {
			isa = PBXGroup;
			children = (
				A31C00FC1A8D14E800A3A5ED /* TaskIt */,
				A31C01121A8D14E800A3A5ED /* TaskItTests */,
				A31C00FB1A8D14E800A3A5ED /* Products */,
			);
			sourceTree = "<group>";
		};
		A31C00FB1A8D14E800A3A5ED /* Products */ = {
			isa = PBXGroup;
			children = (
				A31C00FA1A8D14E800A3A5ED /* TaskIt.app */,
				A31C010F1A8D14E800A3A5ED /* TaskItTests.xctest */,
			);
			name = Products;
			sourceTree = "<group>";
		};
		A31C00FC1A8D14E800A3A5ED /* TaskIt */ = {
			isa = PBXGroup;
			children = (
				A31C00FF1A8D14E800A3A5ED /* AppDelegate.swift */,
				A31C01011A8D14E800A3A5ED /* ViewController.swift */,
				A31C01031A8D14E800A3A5ED /* Main.storyboard */,
				A31C01061A8D14E800A3A5ED /* Images.xcassets */,
				A31C01081A8D14E800A3A5ED /* LaunchScreen.xib */,
				A31C00FD1A8D14E800A3A5ED /* Supporting Files */,
			);
			path = TaskIt;
			sourceTree = "<group>";
		};
		A31C00FD1A8D14E800A3A5ED /* Supporting Files */ = {
			isa = PBXGroup;
			children = (
				A31C00FE1A8D14E800A3A5ED /* Info.plist */,
			);
			name = "Supporting Files";
			sourceTree = "<group>";
		};
		A31C01121A8D14E800A3A5ED /* TaskItTests */ = {
			isa = PBXGroup;
			children = (
				A31C01151A8D14E800A3A5ED /* TaskItTests.swift */,
				A31C01131A8D14E800A3A5ED /* Supporting Files */,
			);
			path = TaskItTests;
			sourceTree = "<group>";
		};
		A31C01131A8D14E800A3A5ED /* Supporting Files */ = {
			isa = PBXGroup;
			children = (
				A31C01141A8D14E800A3A5ED /* Info.plist */,
			);
			name = "Supporting Files";
			sourceTree = "<group>";
		};
/* End PBXGroup section */

/* Begin PBXNativeTarget section */
		A31C00F91A8D14E800A3A5ED /* TaskIt */ = {
			isa = PBXNativeTarget;
			buildConfigurationList = A31C01191A8D14E800A3A5ED /* Build configuration list for PBXNativeTarget "TaskIt" */;
			buildPhases = (
				A31C00F61A8D14E800A3A5ED /* Sources */,
				A31C00F71A8D14E800A3A5ED /* Frameworks */,
				A31C00F81A8D14E800A3A5ED /* Resources */,
			);
			buildRules = (
			);
			dependencies = (
			);
			name = TaskIt;
			productName = TaskIt;
			productReference = A31C00FA1A8D14E800A3A5ED /* TaskIt.app */;
			productType = "com.apple.product-type.application";
		};
		A31C010E1A8D14E800A3A5ED /* TaskItTests */ = {
			isa = PBXNativeTarget;
			buildConfigurationList = A31C011C1A8D14E800A3A5ED /* Build configuration list for PBXNativeTarget "TaskItTests" */;
			buildPhases = (
				A31C010B1A8D14E800A3A5ED /* Sources */,
				A31C010C1A8D14E800A3A5ED /* Frameworks */,
				A31C010D1A8D14E800A3A5ED /* Resources */,
			);
			buildRules = (
			);
			dependencies = (
				A31C01111A8D14E800A3A5ED /* PBXTargetDependency */,
			);
			name = TaskItTests;
			productName = TaskItTests;
			productReference = A31C010F1A8D14E800A3A5ED /* TaskItTests.xctest */;
			productType = "com.apple.product-type.bundle.unit-test";
		};
/* End PBXNativeTarget section */

/* Begin PBXProject section */
		A31C00F21A8D14E800A3A5ED /* Project object */ = {
			isa = PBXProject;
			attributes = {
				LastUpgradeCheck = 0610;
				ORGANIZATIONNAME = "Matthew Linaberry";
				TargetAttributes = {
					A31C00F91A8D14E800A3A5ED = {
						CreatedOnToolsVersion = 6.1;
					};
					A31C010E1A8D14E800A3A5ED = {
						CreatedOnToolsVersion = 6.1;
						TestTargetID = A31C00F91A8D14E800A3A5ED;
					};
				};
			};
			buildConfigurationList = A31C00F51A8D14E800A3A5ED /* Build configuration list for PBXProject "TaskIt" */;
			compatibilityVersion = "Xcode 3.2";
			developmentRegion = English;
			hasScannedForEncodings = 0;
			knownRegions = (
				en,
				Base,
			);
			mainGroup = A31C00F11A8D14E800A3A5ED;
			productRefGroup = A31C00FB1A8D14E800A3A5ED /* Products */;
			projectDirPath = "";
			projectRoot = "";
			targets = (
				A31C00F91A8D14E800A3A5ED /* TaskIt */,
				A31C010E1A8D14E800A3A5ED /* TaskItTests */,
			);
		};
/* End PBXProject section */

/* Begin PBXResourcesBuildPhase section */
		A31C00F81A8D14E800A3A5ED /* Resources */ = {
			isa = PBXResourcesBuildPhase;
			buildActionMask = 2147483647;
			files = (
				A31C01051A8D14E800A3A5ED /* Main.storyboard in Resources */,
				A31C010A1A8D14E800A3A5ED /* LaunchScreen.xib in Resources */,
				A31C01071A8D14E800A3A5ED /* Images.xcassets in Resources */,
			);
			runOnlyForDeploymentPostprocessing = 0;
		};
		A31C010D1A8D14E800A3A5ED /* Resources */ = {
			isa = PBXResourcesBuildPhase;
			buildActionMask = 2147483647;
			files = (
			);
			runOnlyForDeploymentPostprocessing = 0;
		};
/* End PBXResourcesBuildPhase section */

/* Begin PBXSourcesBuildPhase section */
		A31C00F61A8D14E800A3A5ED /* Sources */ = {
			isa = PBXSourcesBuildPhase;
			buildActionMask = 2147483647;
			files = (
				A31C01021A8D14E800A3A5ED /* ViewController.swift in Sources */,
				A31C01001A8D14E800A3A5ED /* AppDelegate.swift in Sources */,
			);
			runOnlyForDeploymentPostprocessing = 0;
		};
		A31C010B1A8D14E800A3A5ED /* Sources */ = {
			isa = PBXSourcesBuildPhase;
			buildActionMask = 2147483647;
			files = (
				A31C01161A8D14E800A3A5ED /* TaskItTests.swift in Sources */,
			);
			runOnlyForDeploymentPostprocessing = 0;
		};
/* End PBXSourcesBuildPhase section */

/* Begin PBXTargetDependency section */
		A31C01111A8D14E800A3A5ED /* PBXTargetDependency */ = {
			isa = PBXTargetDependency;
			target = A31C00F91A8D14E800A3A5ED /* TaskIt */;
			targetProxy = A31C01101A8D14E800A3A5ED /* PBXContainerItemProxy */;
		};
/* End PBXTargetDependency section */

/* Begin PBXVariantGroup section */
		A31C01031A8D14E800A3A5ED /* Main.storyboard */ = {
			isa = PBXVariantGroup;
			children = (
				A31C01041A8D14E800A3A5ED /* Base */,
			);
			name = Main.storyboard;
			sourceTree = "<group>";
		};
		A31C01081A8D14E800A3A5ED /* LaunchScreen.xib */ = {
			isa = PBXVariantGroup;
			children = (
				A31C01091A8D14E800A3A5ED /* Base */,
			);
			name = LaunchScreen.xib;
			sourceTree = "<group>";
		};
/* End PBXVariantGroup section */

/* Begin XCBuildConfiguration section */
		A31C01171A8D14E800A3A5ED /* Debug */ = {
			isa = XCBuildConfiguration;
			buildSettings = {
				ALWAYS_SEARCH_USER_PATHS = NO;
				CLANG_CXX_LANGUAGE_STANDARD = "gnu++0x";
				CLANG_CXX_LIBRARY = "libc++";
				CLANG_ENABLE_MODULES = YES;
				CLANG_ENABLE_OBJC_ARC = YES;
				CLANG_WARN_BOOL_CONVERSION = YES;
				CLANG_WARN_CONSTANT_CONVERSION = YES;
				CLANG_WARN_DIRECT_OBJC_ISA_USAGE = YES_ERROR;
				CLANG_WARN_EMPTY_BODY = YES;
				CLANG_WARN_ENUM_CONVERSION = YES;
				CLANG_WARN_INT_CONVERSION = YES;
				CLANG_WARN_OBJC_ROOT_CLASS = YES_ERROR;
				CLANG_WARN_UNREACHABLE_CODE = YES;
				CLANG_WARN__DUPLICATE_METHOD_MATCH = YES;
				"CODE_SIGN_IDENTITY[sdk=iphoneos*]" = "iPhone Developer";
				COPY_PHASE_STRIP = NO;
				ENABLE_STRICT_OBJC_MSGSEND = YES;
				GCC_C_LANGUAGE_STANDARD = gnu99;
				GCC_DYNAMIC_NO_PIC = NO;
				GCC_OPTIMIZATION_LEVEL = 0;
				GCC_PREPROCESSOR_DEFINITIONS = (
					"DEBUG=1",
					"$(inherited)",
				);
				GCC_SYMBOLS_PRIVATE_EXTERN = NO;
				GCC_WARN_64_TO_32_BIT_CONVERSION = YES;
				GCC_WARN_ABOUT_RETURN_TYPE = YES_ERROR;
				GCC_WARN_UNDECLARED_SELECTOR = YES;
				GCC_WARN_UNINITIALIZED_AUTOS = YES_AGGRESSIVE;
				GCC_WARN_UNUSED_FUNCTION = YES;
				GCC_WARN_UNUSED_VARIABLE = YES;
				IPHONEOS_DEPLOYMENT_TARGET = 8.1;
				MTL_ENABLE_DEBUG_INFO = YES;
				ONLY_ACTIVE_ARCH = YES;
				SDKROOT = iphoneos;
				SWIFT_OPTIMIZATION_LEVEL = "-Onone";
				TARGETED_DEVICE_FAMILY = "1,2";
			};
			name = Debug;
		};
		A31C01181A8D14E800A3A5ED /* Release */ = {
			isa = XCBuildConfiguration;
			buildSettings = {
				ALWAYS_SEARCH_USER_PATHS = NO;
				CLANG_CXX_LANGUAGE_STANDARD = "gnu++0x";
				CLANG_CXX_LIBRARY = "libc++";
				CLANG_ENABLE_MODULES = YES;
				CLANG_ENABLE_OBJC_ARC = YES;
				CLANG_WARN_BOOL_CONVERSION = YES;
				CLANG_WARN_CONSTANT_CONVERSION = YES;
				CLANG_WARN_DIRECT_OBJC_ISA_USAGE = YES_ERROR;
				CLANG_WARN_EMPTY_BODY = YES;
				CLANG_WARN_ENUM_CONVERSION = YES;
				CLANG_WARN_INT_CONVERSION = YES;
				CLANG_WARN_OBJC_ROOT_CLASS = YES_ERROR;
				CLANG_WARN_UNREACHABLE_CODE = YES;
				CLANG_WARN__DUPLICATE_METHOD_MATCH = YES;
				"CODE_SIGN_IDENTITY[sdk=iphoneos*]" = "iPhone Developer";
				COPY_PHASE_STRIP = YES;
				ENABLE_NS_ASSERTIONS = NO;
				ENABLE_STRICT_OBJC_MSGSEND = YES;
				GCC_C_LANGUAGE_STANDARD = gnu99;
				GCC_WARN_64_TO_32_BIT_CONVERSION = YES;
				GCC_WARN_ABOUT_RETURN_TYPE = YES_ERROR;
				GCC_WARN_UNDECLARED_SELECTOR = YES;
				GCC_WARN_UNINITIALIZED_AUTOS = YES_AGGRESSIVE;
				GCC_WARN_UNUSED_FUNCTION = YES;
				GCC_WARN_UNUSED_VARIABLE = YES;
				IPHONEOS_DEPLOYMENT_TARGET = 8.1;
				MTL_ENABLE_DEBUG_INFO = NO;
				SDKROOT = iphoneos;
				TARGETED_DEVICE_FAMILY = "1,2";
				VALIDATE_PRODUCT = YES;
			};
			name = Release;
		};
		A31C011A1A8D14E800A3A5ED /* Debug */ = {
			isa = XCBuildConfiguration;
			buildSettings = {
				ASSETCATALOG_COMPILER_APPICON_NAME = AppIcon;
				INFOPLIST_FILE = TaskIt/Info.plist;
				LD_RUNPATH_SEARCH_PATHS = "$(inherited) @executable_path/Frameworks";
				PRODUCT_NAME = "$(TARGET_NAME)";
			};
			name = Debug;
		};
		A31C011B1A8D14E800A3A5ED /* Release */ = {
			isa = XCBuildConfiguration;
			buildSettings = {
				ASSETCATALOG_COMPILER_APPICON_NAME = AppIcon;
				INFOPLIST_FILE = TaskIt/Info.plist;
				LD_RUNPATH_SEARCH_PATHS = "$(inherited) @executable_path/Frameworks";
				PRODUCT_NAME = "$(TARGET_NAME)";
			};
			name = Release;
		};
		A31C011D1A8D14E800A3A5ED /* Debug */ = {
			isa = XCBuildConfiguration;
			buildSettings = {
				BUNDLE_LOADER = "$(TEST_HOST)";
				FRAMEWORK_SEARCH_PATHS = (
					"$(SDKROOT)/Developer/Library/Frameworks",
					"$(inherited)",
				);
				GCC_PREPROCESSOR_DEFINITIONS = (
					"DEBUG=1",
					"$(inherited)",
				);
				INFOPLIST_FILE = TaskItTests/Info.plist;
				LD_RUNPATH_SEARCH_PATHS = "$(inherited) @executable_path/Frameworks @loader_path/Frameworks";
				PRODUCT_NAME = "$(TARGET_NAME)";
				TEST_HOST = "$(BUILT_PRODUCTS_DIR)/TaskIt.app/TaskIt";
			};
			name = Debug;
		};
		A31C011E1A8D14E800A3A5ED /* Release */ = {
			isa = XCBuildConfiguration;
			buildSettings = {
				BUNDLE_LOADER = "$(TEST_HOST)";
				FRAMEWORK_SEARCH_PATHS = (
					"$(SDKROOT)/Developer/Library/Frameworks",
					"$(inherited)",
				);
				INFOPLIST_FILE = TaskItTests/Info.plist;
				LD_RUNPATH_SEARCH_PATHS = "$(inherited) @executable_path/Frameworks @loader_path/Frameworks";
				PRODUCT_NAME = "$(TARGET_NAME)";
				TEST_HOST = "$(BUILT_PRODUCTS_DIR)/TaskIt.app/TaskIt";
			};
			name = Release;
		};
/* End XCBuildConfiguration section */

/* Begin XCConfigurationList section */
		A31C00F51A8D14E800A3A5ED /* Build configuration list for PBXProject "TaskIt" */ = {
			isa = XCConfigurationList;
			buildConfigurations = (
				A31C01171A8D14E800A3A5ED /* Debug */,
				A31C01181A8D14E800A3A5ED /* Release */,
			);
			defaultConfigurationIsVisible = 0;
			defaultConfigurationName = Release;
		};
		A31C01191A8D14E800A3A5ED /* Build configuration list for PBXNativeTarget "TaskIt" */ = {
			isa = XCConfigurationList;
			buildConfigurations = (
				A31C011A1A8D14E800A3A5ED /* Debug */,
				A31C011B1A8D14E800A3A5ED /* Release */,
			);
			defaultConfigurationIsVisible = 0;
		};
		A31C011C1A8D14E800A3A5ED /* Build configuration list for PBXNativeTarget "TaskItTests" */ = {
			isa = XCConfigurationList;
			buildConfigurations = (
				A31C011D1A8D14E800A3A5ED /* Debug */,
				A31C011E1A8D14E800A3A5ED /* Release */,
			);
			defaultConfigurationIsVisible = 0;
		};
/* End XCConfigurationList section */
	};
	rootObject = A31C00F21A8D14E800A3A5ED /* Project object */;
}
